{
  "nodes": {
    "nixpkgs": {
      "locked": {
        "lastModified": 1630134454,
        "narHash": "sha256-zy8gjYIld+1QOyAP1kEj58Zf8222BC6Lug3qa+JWgwQ=",
        "owner": "NixOS",
        "repo": "nixpkgs",
        "rev": "8b34c96c5872fb603805c120695120040fefef03",
        "type": "github"
      },
      "original": {
        "owner": "NixOS",
        "ref": "master",
        "repo": "nixpkgs",
        "type": "github"
      }
    },
    "root": {
      "inputs": {
        "nixpkgs": "nixpkgs"
      }
    }
  },
  "root": "root",
  "version": 7
}
