{
  "nodes": {
    "nixpkgs": {
      "locked": {
        "lastModified": 1628662488,
        "narHash": "sha256-aK56r7QcPAwDsSU/qN8xFUdg48S49gyUo8BRF4Re+dk=",
        "owner": "NixOS",
        "repo": "nixpkgs",
        "rev": "83bc698fba4d05ef37826fb1fe732647f420c8ab",
        "type": "github"
      },
      "original": {
        "owner": "NixOS",
        "repo": "nixpkgs",
        "rev": "83bc698fba4d05ef37826fb1fe732647f420c8ab",
        "type": "github"
      }
    },
    "root": {
      "inputs": {
        "nixpkgs": "nixpkgs"
      }
    }
  },
  "root": "root",
  "version": 7
}
