{
  "nodes": {
    "nixpkgs": {
      "locked": {
        "lastModified": 1667909632,
        "narHash": "sha256-p9ZTU29fRA0KNQVGIFTA06IcVeoCqYNRvegRdxGZd8k=",
        "owner": "NixOS",
        "repo": "nixpkgs",
        "rev": "bc5ad970780580ec272b3a6bc5f9bddf4e250d3c",
        "type": "github"
      },
      "original": {
        "id": "nixpkgs",
        "type": "indirect"
      }
    },
    "pkgs-src": {
      "flake": false,
      "locked": {
        "dir": "pkgs",
        "lastModified": 1667945048,
        "narHash": "sha256-FBHQAGLjpcfmgplcP/mbwnU2t9tG7uoGCNcqr4aqsZk=",
        "owner": "calbrecht",
        "repo": "f4s-nodejs",
        "rev": "20106f8ad03965d22fea22522cc705113de52492",
        "type": "github"
      },
      "original": {
        "dir": "pkgs",
        "owner": "calbrecht",
        "repo": "f4s-nodejs",
        "type": "github"
      }
    },
    "root": {
      "inputs": {
        "nixpkgs": "nixpkgs",
        "pkgs-src": "pkgs-src"
      }
    }
  },
  "root": "root",
  "version": 7
}
