{
  "nodes": {
    "nixpkgs": {
      "locked": {
        "lastModified": 1697379843,
        "narHash": "sha256-RcnGuJgC2K/UpTy+d32piEoBXq2M+nVFzM3ah/ZdJzg=",
        "owner": "NixOS",
        "repo": "nixpkgs",
        "rev": "12bdeb01ff9e2d3917e6a44037ed7df6e6c3df9d",
        "type": "github"
      },
      "original": {
        "id": "nixpkgs",
        "type": "indirect"
      }
    },
    "pkgs-src": {
      "flake": false,
      "locked": {
        "dir": "pkgs",
        "lastModified": 1697580231,
        "narHash": "sha256-hyYIoO6zEwqOpv3+5RTlzpQ9Gu7hgWdGDfd+Oh6156A=",
        "owner": "calbrecht",
        "repo": "f4s-nodejs",
        "rev": "14518ce7f56055e4ce9dda8dbf4a61a6b8c71a94",
        "type": "github"
      },
      "original": {
        "dir": "pkgs",
        "owner": "calbrecht",
        "repo": "f4s-nodejs",
        "type": "github"
      }
    },
    "root": {
      "inputs": {
        "nixpkgs": "nixpkgs",
        "pkgs-src": "pkgs-src"
      }
    }
  },
  "root": "root",
  "version": 7
}
