{
  "nodes": {
    "nixpkgs": {
      "locked": {
        "lastModified": 1652574577,
        "narHash": "sha256-MoSWPtue4Wi9+kRDxUbLWEBCL8Bswaa8kVMh2JYpSJg=",
        "owner": "NixOS",
        "repo": "nixpkgs",
        "rev": "118ec238bfb788a34f1d53c4d95931fadfa70367",
        "type": "github"
      },
      "original": {
        "id": "nixpkgs",
        "type": "indirect"
      }
    },
    "pkgs-src": {
      "flake": false,
      "locked": {
        "dir": "pkgs",
        "lastModified": 1652653247,
        "narHash": "sha256-NoyE2NnQOOcTWne69Mr1QA4yOtlR1738ttxOSECEnKs=",
        "owner": "calbrecht",
        "repo": "f4s-nodejs",
        "rev": "c431ca3cc364bd6bb4c980f55146502b6e64a0be",
        "type": "github"
      },
      "original": {
        "dir": "pkgs",
        "owner": "calbrecht",
        "repo": "f4s-nodejs",
        "type": "github"
      }
    },
    "root": {
      "inputs": {
        "nixpkgs": "nixpkgs",
        "pkgs-src": "pkgs-src"
      }
    }
  },
  "root": "root",
  "version": 7
}
